// !$*UTF8*$!
{
	archiveVersion = 1;
	classes = {
	};
	objectVersion = 77;
	objects = {

/* Begin PBXContainerItemProxy section */
		A5DA52DD2E493A6600393A66 /* PBXContainerItemProxy */ = {
			isa = PBXContainerItemProxy;
			containerPortal = A5DA52C72E493A6200393A66 /* Project object */;
			proxyType = 1;
			remoteGlobalIDString = A5DA52CE2E493A6200393A66;
			remoteInfo = GymTap;
		};
		A5DA52E72E493A6600393A66 /* PBXContainerItemProxy */ = {
			isa = PBXContainerItemProxy;
			containerPortal = A5DA52C72E493A6200393A66 /* Project object */;
			proxyType = 1;
			remoteGlobalIDString = A5DA52CE2E493A6200393A66;
			remoteInfo = GymTap;
		};
/* End PBXContainerItemProxy section */

/* Begin PBXFileReference section */
		A5DA52CF2E493A6200393A66 /* GymTrac.app */ = {isa = PBXFileReference; explicitFileType = wrapper.application; includeInIndex = 0; path = GymTrac.app; sourceTree = BUILT_PRODUCTS_DIR; };
		A5DA52DC2E493A6600393A66 /* GymTracTests.xctest */ = {isa = PBXFileReference; explicitFileType = wrapper.cfbundle; includeInIndex = 0; path = GymTracTests.xctest; sourceTree = BUILT_PRODUCTS_DIR; };
		A5DA52E62E493A6600393A66 /* GymTracUITests.xctest */ = {isa = PBXFileReference; explicitFileType = wrapper.cfbundle; includeInIndex = 0; path = GymTracUITests.xctest; sourceTree = BUILT_PRODUCTS_DIR; };
		A5DA53E92E4BEF0900393A66 /* GymTrac-Info.plist */ = {isa = PBXFileReference; lastKnownFileType = text.plist; path = "GymTrac-Info.plist"; sourceTree = "<group>"; };
/* End PBXFileReference section */

/* Begin PBXFileSystemSynchronizedBuildFileExceptionSet section */
		A5DA53EF2E4C8C5F00393A66 /* Exceptions for "GymTap" folder in "GymTracTests" target */ = {
			isa = PBXFileSystemSynchronizedBuildFileExceptionSet;
			membershipExceptions = (
				"/Localized: Localizable.strings",
			);
			target = A5DA52DB2E493A6600393A66 /* GymTracTests */;
		};
		A5DA53F02E4C8C5F00393A66 /* Exceptions for "GymTap" folder in "GymTracUITests" target */ = {
			isa = PBXFileSystemSynchronizedBuildFileExceptionSet;
			membershipExceptions = (
				"/Localized: Localizable.strings",
			);
			target = A5DA52E52E493A6600393A66 /* GymTracUITests */;
		};
/* End PBXFileSystemSynchronizedBuildFileExceptionSet section */

/* Begin PBXFileSystemSynchronizedRootGroup section */
		A5DA52D12E493A6200393A66 /* GymTap */ = {
			isa = PBXFileSystemSynchronizedRootGroup;
			exceptions = (
				A5DA53EF2E4C8C5F00393A66 /* Exceptions for "GymTap" folder in "GymTracTests" target */,
				A5DA53F02E4C8C5F00393A66 /* Exceptions for "GymTap" folder in "GymTracUITests" target */,
			);
			path = GymTap;
			sourceTree = "<group>";
		};
		A5DA52DF2E493A6600393A66 /* GymTapTests */ = {
			isa = PBXFileSystemSynchronizedRootGroup;
			path = GymTapTests;
			sourceTree = "<group>";
		};
		A5DA52E92E493A6600393A66 /* GymTapUITests */ = {
			isa = PBXFileSystemSynchronizedRootGroup;
			path = GymTapUITests;
			sourceTree = "<group>";
		};
/* End PBXFileSystemSynchronizedRootGroup section */

/* Begin PBXFrameworksBuildPhase section */
		A5DA52CC2E493A6200393A66 /* Frameworks */ = {
			isa = PBXFrameworksBuildPhase;
			buildActionMask = 2147483647;
			files = (
			);
			runOnlyForDeploymentPostprocessing = 0;
		};
		A5DA52D92E493A6600393A66 /* Frameworks */ = {
			isa = PBXFrameworksBuildPhase;
			buildActionMask = 2147483647;
			files = (
			);
			runOnlyForDeploymentPostprocessing = 0;
		};
		A5DA52E32E493A6600393A66 /* Frameworks */ = {
			isa = PBXFrameworksBuildPhase;
			buildActionMask = 2147483647;
			files = (
			);
			runOnlyForDeploymentPostprocessing = 0;
		};
/* End PBXFrameworksBuildPhase section */

/* Begin PBXGroup section */
		A5DA52C62E493A6200393A66 = {
			isa = PBXGroup;
			children = (
				A5DA53E92E4BEF0900393A66 /* GymTrac-Info.plist */,
				A5DA52D12E493A6200393A66 /* GymTap */,
				A5DA52DF2E493A6600393A66 /* GymTapTests */,
				A5DA52E92E493A6600393A66 /* GymTapUITests */,
				A5DA52D02E493A6200393A66 /* Products */,
			);
			sourceTree = "<group>";
		};
		A5DA52D02E493A6200393A66 /* Products */ = {
			isa = PBXGroup;
			children = (
				A5DA52CF2E493A6200393A66 /* GymTrac.app */,
				A5DA52DC2E493A6600393A66 /* GymTracTests.xctest */,
				A5DA52E62E493A6600393A66 /* GymTracUITests.xctest */,
			);
			name = Products;
			sourceTree = "<group>";
		};
/* End PBXGroup section */

/* Begin PBXNativeTarget section */
		A5DA52CE2E493A6200393A66 /* GymTrac */ = {
			isa = PBXNativeTarget;
			buildConfigurationList = A5DA52F02E493A6600393A66 /* Build configuration list for PBXNativeTarget "GymTrac" */;
			buildPhases = (
				A5DA52CB2E493A6200393A66 /* Sources */,
				A5DA52CC2E493A6200393A66 /* Frameworks */,
				A5DA52CD2E493A6200393A66 /* Resources */,
			);
			buildRules = (
			);
			dependencies = (
			);
			fileSystemSynchronizedGroups = (
				A5DA52D12E493A6200393A66 /* GymTap */,
			);
			name = GymTrac;
			packageProductDependencies = (
			);
			productName = GymTap;
			productReference = A5DA52CF2E493A6200393A66 /* GymTrac.app */;
			productType = "com.apple.product-type.application";
		};
		A5DA52DB2E493A6600393A66 /* GymTracTests */ = {
			isa = PBXNativeTarget;
			buildConfigurationList = A5DA52F32E493A6600393A66 /* Build configuration list for PBXNativeTarget "GymTracTests" */;
			buildPhases = (
				A5DA52D82E493A6600393A66 /* Sources */,
				A5DA52D92E493A6600393A66 /* Frameworks */,
				A5DA52DA2E493A6600393A66 /* Resources */,
			);
			buildRules = (
			);
			dependencies = (
				A5DA52DE2E493A6600393A66 /* PBXTargetDependency */,
			);
			fileSystemSynchronizedGroups = (
				A5DA52DF2E493A6600393A66 /* GymTapTests */,
			);
			name = GymTracTests;
			packageProductDependencies = (
			);
			productName = GymTapTests;
			productReference = A5DA52DC2E493A6600393A66 /* GymTracTests.xctest */;
			productType = "com.apple.product-type.bundle.unit-test";
		};
		A5DA52E52E493A6600393A66 /* GymTracUITests */ = {
			isa = PBXNativeTarget;
			buildConfigurationList = A5DA52F62E493A6600393A66 /* Build configuration list for PBXNativeTarget "GymTracUITests" */;
			buildPhases = (
				A5DA52E22E493A6600393A66 /* Sources */,
				A5DA52E32E493A6600393A66 /* Frameworks */,
				A5DA52E42E493A6600393A66 /* Resources */,
			);
			buildRules = (
			);
			dependencies = (
				A5DA52E82E493A6600393A66 /* PBXTargetDependency */,
			);
			fileSystemSynchronizedGroups = (
				A5DA52E92E493A6600393A66 /* GymTapUITests */,
			);
			name = GymTracUITests;
			packageProductDependencies = (
			);
			productName = GymTapUITests;
			productReference = A5DA52E62E493A6600393A66 /* GymTracUITests.xctest */;
			productType = "com.apple.product-type.bundle.ui-testing";
		};
/* End PBXNativeTarget section */

/* Begin PBXProject section */
		A5DA52C72E493A6200393A66 /* Project object */ = {
			isa = PBXProject;
			attributes = {
				BuildIndependentTargetsInParallel = 1;
				LastSwiftUpdateCheck = 1640;
				LastUpgradeCheck = 1640;
				TargetAttributes = {
					A5DA52CE2E493A6200393A66 = {
						CreatedOnToolsVersion = 16.4;
					};
					A5DA52DB2E493A6600393A66 = {
						CreatedOnToolsVersion = 16.4;
						TestTargetID = A5DA52CE2E493A6200393A66;
					};
					A5DA52E52E493A6600393A66 = {
						CreatedOnToolsVersion = 16.4;
						TestTargetID = A5DA52CE2E493A6200393A66;
					};
				};
			};
			buildConfigurationList = A5DA52CA2E493A6200393A66 /* Build configuration list for PBXProject "GymTrac" */;
			developmentRegion = en;
			hasScannedForEncodings = 0;
			knownRegions = (
				en,
				Base,
				ar,
			);
			mainGroup = A5DA52C62E493A6200393A66;
			minimizedProjectReferenceProxies = 1;
			preferredProjectObjectVersion = 77;
			productRefGroup = A5DA52D02E493A6200393A66 /* Products */;
			projectDirPath = "";
			projectRoot = "";
			targets = (
				A5DA52CE2E493A6200393A66 /* GymTrac */,
				A5DA52DB2E493A6600393A66 /* GymTracTests */,
				A5DA52E52E493A6600393A66 /* GymTracUITests */,
			);
		};
/* End PBXProject section */

/* Begin PBXResourcesBuildPhase section */
		A5DA52CD2E493A6200393A66 /* Resources */ = {
			isa = PBXResourcesBuildPhase;
			buildActionMask = 2147483647;
			files = (
			);
			runOnlyForDeploymentPostprocessing = 0;
		};
		A5DA52DA2E493A6600393A66 /* Resources */ = {
			isa = PBXResourcesBuildPhase;
			buildActionMask = 2147483647;
			files = (
			);
			runOnlyForDeploymentPostprocessing = 0;
		};
		A5DA52E42E493A6600393A66 /* Resources */ = {
			isa = PBXResourcesBuildPhase;
			buildActionMask = 2147483647;
			files = (
			);
			runOnlyForDeploymentPostprocessing = 0;
		};
/* End PBXResourcesBuildPhase section */

/* Begin PBXSourcesBuildPhase section */
		A5DA52CB2E493A6200393A66 /* Sources */ = {
			isa = PBXSourcesBuildPhase;
			buildActionMask = 2147483647;
			files = (
			);
			runOnlyForDeploymentPostprocessing = 0;
		};
		A5DA52D82E493A6600393A66 /* Sources */ = {
			isa = PBXSourcesBuildPhase;
			buildActionMask = 2147483647;
			files = (
			);
			runOnlyForDeploymentPostprocessing = 0;
		};
		A5DA52E22E493A6600393A66 /* Sources */ = {
			isa = PBXSourcesBuildPhase;
			buildActionMask = 2147483647;
			files = (
			);
			runOnlyForDeploymentPostprocessing = 0;
		};
/* End PBXSourcesBuildPhase section */

/* Begin PBXTargetDependency section */
		A5DA52DE2E493A6600393A66 /* PBXTargetDependency */ = {
			isa = PBXTargetDependency;
			target = A5DA52CE2E493A6200393A66 /* GymTrac */;
			targetProxy = A5DA52DD2E493A6600393A66 /* PBXContainerItemProxy */;
		};
		A5DA52E82E493A6600393A66 /* PBXTargetDependency */ = {
			isa = PBXTargetDependency;
			target = A5DA52CE2E493A6200393A66 /* GymTrac */;
			targetProxy = A5DA52E72E493A6600393A66 /* PBXContainerItemProxy */;
		};
/* End PBXTargetDependency section */

/* Begin XCBuildConfiguration section */
		A5DA52EE2E493A6600393A66 /* Debug */ = {
			isa = XCBuildConfiguration;
			buildSettings = {
				ALWAYS_SEARCH_USER_PATHS = NO;
				ASSETCATALOG_COMPILER_GENERATE_SWIFT_ASSET_SYMBOL_EXTENSIONS = YES;
				CLANG_ANALYZER_LOCALIZABILITY_NONLOCALIZED = YES;
				CLANG_ANALYZER_NONNULL = YES;
				CLANG_ANALYZER_NUMBER_OBJECT_CONVERSION = YES_AGGRESSIVE;
				CLANG_CXX_LANGUAGE_STANDARD = "gnu++20";
				CLANG_ENABLE_MODULES = YES;
				CLANG_ENABLE_OBJC_ARC = YES;
				CLANG_ENABLE_OBJC_WEAK = YES;
				CLANG_WARN_BLOCK_CAPTURE_AUTORELEASING = YES;
				CLANG_WARN_BOOL_CONVERSION = YES;
				CLANG_WARN_COMMA = YES;
				CLANG_WARN_CONSTANT_CONVERSION = YES;
				CLANG_WARN_DEPRECATED_OBJC_IMPLEMENTATIONS = YES;
				CLANG_WARN_DIRECT_OBJC_ISA_USAGE = YES_ERROR;
				CLANG_WARN_DOCUMENTATION_COMMENTS = YES;
				CLANG_WARN_EMPTY_BODY = YES;
				CLANG_WARN_ENUM_CONVERSION = YES;
				CLANG_WARN_INFINITE_RECURSION = YES;
				CLANG_WARN_INT_CONVERSION = YES;
				CLANG_WARN_NON_LITERAL_NULL_CONVERSION = YES;
				CLANG_WARN_OBJC_IMPLICIT_RETAIN_SELF = YES;
				CLANG_WARN_OBJC_LITERAL_CONVERSION = YES;
				CLANG_WARN_OBJC_ROOT_CLASS = YES_ERROR;
				CLANG_WARN_QUOTED_INCLUDE_IN_FRAMEWORK_HEADER = YES;
				CLANG_WARN_RANGE_LOOP_ANALYSIS = YES;
				CLANG_WARN_STRICT_PROTOTYPES = YES;
				CLANG_WARN_SUSPICIOUS_MOVE = YES;
				CLANG_WARN_UNGUARDED_AVAILABILITY = YES_AGGRESSIVE;
				CLANG_WARN_UNREACHABLE_CODE = YES;
				CLANG_WARN__DUPLICATE_METHOD_MATCH = YES;
				COPY_PHASE_STRIP = NO;
				DEBUG_INFORMATION_FORMAT = dwarf;
				DEVELOPMENT_TEAM = 8V89LMP652;
				ENABLE_STRICT_OBJC_MSGSEND = YES;
				ENABLE_TESTABILITY = YES;
				ENABLE_USER_SCRIPT_SANDBOXING = YES;
				GCC_C_LANGUAGE_STANDARD = gnu17;
				GCC_DYNAMIC_NO_PIC = NO;
				GCC_NO_COMMON_BLOCKS = YES;
				GCC_OPTIMIZATION_LEVEL = 0;
				GCC_PREPROCESSOR_DEFINITIONS = (
					"DEBUG=1",
					"$(inherited)",
				);
				GCC_WARN_64_TO_32_BIT_CONVERSION = YES;
				GCC_WARN_ABOUT_RETURN_TYPE = YES_ERROR;
				GCC_WARN_UNDECLARED_SELECTOR = YES;
				GCC_WARN_UNINITIALIZED_AUTOS = YES_AGGRESSIVE;
				GCC_WARN_UNUSED_FUNCTION = YES;
				GCC_WARN_UNUSED_VARIABLE = YES;
				IPHONEOS_DEPLOYMENT_TARGET = 18.5;
				LOCALIZATION_PREFERS_STRING_CATALOGS = YES;
				MTL_ENABLE_DEBUG_INFO = INCLUDE_SOURCE;
				MTL_FAST_MATH = YES;
				ONLY_ACTIVE_ARCH = YES;
				SDKROOT = iphoneos;
				SWIFT_ACTIVE_COMPILATION_CONDITIONS = "DEBUG $(inherited)";
				SWIFT_OPTIMIZATION_LEVEL = "-Onone";
			};
			name = Debug;
		};
		A5DA52EF2E493A6600393A66 /* Release */ = {
			isa = XCBuildConfiguration;
			buildSettings = {
				ALWAYS_SEARCH_USER_PATHS = NO;
				ASSETCATALOG_COMPILER_GENERATE_SWIFT_ASSET_SYMBOL_EXTENSIONS = YES;
				CLANG_ANALYZER_LOCALIZABILITY_NONLOCALIZED = YES;
				CLANG_ANALYZER_NONNULL = YES;
				CLANG_ANALYZER_NUMBER_OBJECT_CONVERSION = YES_AGGRESSIVE;
				CLANG_CXX_LANGUAGE_STANDARD = "gnu++20";
				CLANG_ENABLE_MODULES = YES;
				CLANG_ENABLE_OBJC_ARC = YES;
				CLANG_ENABLE_OBJC_WEAK = YES;
				CLANG_WARN_BLOCK_CAPTURE_AUTORELEASING = YES;
				CLANG_WARN_BOOL_CONVERSION = YES;
				CLANG_WARN_COMMA = YES;
				CLANG_WARN_CONSTANT_CONVERSION = YES;
				CLANG_WARN_DEPRECATED_OBJC_IMPLEMENTATIONS = YES;
				CLANG_WARN_DIRECT_OBJC_ISA_USAGE = YES_ERROR;
				CLANG_WARN_DOCUMENTATION_COMMENTS = YES;
				CLANG_WARN_EMPTY_BODY = YES;
				CLANG_WARN_ENUM_CONVERSION = YES;
				CLANG_WARN_INFINITE_RECURSION = YES;
				CLANG_WARN_INT_CONVERSION = YES;
				CLANG_WARN_NON_LITERAL_NULL_CONVERSION = YES;
				CLANG_WARN_OBJC_IMPLICIT_RETAIN_SELF = YES;
				CLANG_WARN_OBJC_LITERAL_CONVERSION = YES;
				CLANG_WARN_OBJC_ROOT_CLASS = YES_ERROR;
				CLANG_WARN_QUOTED_INCLUDE_IN_FRAMEWORK_HEADER = YES;
				CLANG_WARN_RANGE_LOOP_ANALYSIS = YES;
				CLANG_WARN_STRICT_PROTOTYPES = YES;
				CLANG_WARN_SUSPICIOUS_MOVE = YES;
				CLANG_WARN_UNGUARDED_AVAILABILITY = YES_AGGRESSIVE;
				CLANG_WARN_UNREACHABLE_CODE = YES;
				CLANG_WARN__DUPLICATE_METHOD_MATCH = YES;
				COPY_PHASE_STRIP = NO;
				DEBUG_INFORMATION_FORMAT = "dwarf-with-dsym";
				DEVELOPMENT_TEAM = 8V89LMP652;
				ENABLE_NS_ASSERTIONS = NO;
				ENABLE_STRICT_OBJC_MSGSEND = YES;
				ENABLE_USER_SCRIPT_SANDBOXING = YES;
				GCC_C_LANGUAGE_STANDARD = gnu17;
				GCC_NO_COMMON_BLOCKS = YES;
				GCC_WARN_64_TO_32_BIT_CONVERSION = YES;
				GCC_WARN_ABOUT_RETURN_TYPE = YES_ERROR;
				GCC_WARN_UNDECLARED_SELECTOR = YES;
				GCC_WARN_UNINITIALIZED_AUTOS = YES_AGGRESSIVE;
				GCC_WARN_UNUSED_FUNCTION = YES;
				GCC_WARN_UNUSED_VARIABLE = YES;
				IPHONEOS_DEPLOYMENT_TARGET = 18.5;
				LOCALIZATION_PREFERS_STRING_CATALOGS = YES;
				MTL_ENABLE_DEBUG_INFO = NO;
				MTL_FAST_MATH = YES;
				SDKROOT = iphoneos;
				SWIFT_COMPILATION_MODE = wholemodule;
				VALIDATE_PRODUCT = YES;
			};
			name = Release;
		};
		A5DA52F12E493A6600393A66 /* Debug */ = {
			isa = XCBuildConfiguration;
			buildSettings = {
				ASSETCATALOG_COMPILER_APPICON_NAME = AppIcon;
				ASSETCATALOG_COMPILER_GLOBAL_ACCENT_COLOR_NAME = AccentColor;
				CODE_SIGN_STYLE = Automatic;
				CURRENT_PROJECT_VERSION = 1;
				DEVELOPMENT_TEAM = 8V89LMP652;
				ENABLE_PREVIEWS = YES;
				GENERATE_INFOPLIST_FILE = YES;
				INFOPLIST_FILE = "GymTrac-Info.plist";
				INFOPLIST_KEY_CFBundleDisplayName = "";
				INFOPLIST_KEY_LSApplicationCategoryType = "";
				INFOPLIST_KEY_NSHumanReadableCopyright = "";
				INFOPLIST_KEY_UIApplicationSceneManifest_Generation = YES;
				INFOPLIST_KEY_UIApplicationSupportsIndirectInputEvents = YES;
				INFOPLIST_KEY_UILaunchScreen_Generation = YES;
				INFOPLIST_KEY_UISupportedInterfaceOrientations = UIInterfaceOrientationPortrait;
				LD_RUNPATH_SEARCH_PATHS = (
					"$(inherited)",
					"@executable_path/Frameworks",
				);
				MARKETING_VERSION = 1.0;
				PRODUCT_BUNDLE_IDENTIFIER = com.gasserissa.GymTap;
				PRODUCT_NAME = "$(TARGET_NAME)";
				SWIFT_EMIT_LOC_STRINGS = YES;
				SWIFT_VERSION = 5.0;
				TARGETED_DEVICE_FAMILY = "1,2";
			};
			name = Debug;
		};
		A5DA52F22E493A6600393A66 /* Release */ = {
			isa = XCBuildConfiguration;
			buildSettings = {
				ASSETCATALOG_COMPILER_APPICON_NAME = AppIcon;
				ASSETCATALOG_COMPILER_GLOBAL_ACCENT_COLOR_NAME = AccentColor;
				CODE_SIGN_STYLE = Automatic;
				CURRENT_PROJECT_VERSION = 1;
				DEVELOPMENT_TEAM = 8V89LMP652;
				ENABLE_PREVIEWS = YES;
				GENERATE_INFOPLIST_FILE = YES;
				INFOPLIST_FILE = "GymTrac-Info.plist";
				INFOPLIST_KEY_CFBundleDisplayName = "";
				INFOPLIST_KEY_LSApplicationCategoryType = "";
				INFOPLIST_KEY_NSHumanReadableCopyright = "";
				INFOPLIST_KEY_UIApplicationSceneManifest_Generation = YES;
				INFOPLIST_KEY_UIApplicationSupportsIndirectInputEvents = YES;
				INFOPLIST_KEY_UILaunchScreen_Generation = YES;
				INFOPLIST_KEY_UISupportedInterfaceOrientations = UIInterfaceOrientationPortrait;
				LD_RUNPATH_SEARCH_PATHS = (
					"$(inherited)",
					"@executable_path/Frameworks",
				);
				MARKETING_VERSION = 1.0;
				PRODUCT_BUNDLE_IDENTIFIER = com.gasserissa.GymTap;
				PRODUCT_NAME = "$(TARGET_NAME)";
				SWIFT_EMIT_LOC_STRINGS = YES;
				SWIFT_VERSION = 5.0;
				TARGETED_DEVICE_FAMILY = "1,2";
			};
			name = Release;
		};
		A5DA52F42E493A6600393A66 /* Debug */ = {
			isa = XCBuildConfiguration;
			buildSettings = {
				BUNDLE_LOADER = "$(TEST_HOST)";
				CODE_SIGN_STYLE = Automatic;
				CURRENT_PROJECT_VERSION = 1;
				DEVELOPMENT_TEAM = 8V89LMP652;
				GENERATE_INFOPLIST_FILE = YES;
				IPHONEOS_DEPLOYMENT_TARGET = 18.5;
				MARKETING_VERSION = 1.0;
				PRODUCT_BUNDLE_IDENTIFIER = com.gasserissa.GymTapTests;
				PRODUCT_NAME = "$(TARGET_NAME)";
				SWIFT_EMIT_LOC_STRINGS = NO;
				SWIFT_VERSION = 5.0;
				TARGETED_DEVICE_FAMILY = "1,2";
				TEST_HOST = "$(BUILT_PRODUCTS_DIR)/GymTrac.app/$(BUNDLE_EXECUTABLE_FOLDER_PATH)/GymTrac";
			};
			name = Debug;
		};
		A5DA52F52E493A6600393A66 /* Release */ = {
			isa = XCBuildConfiguration;
			buildSettings = {
				BUNDLE_LOADER = "$(TEST_HOST)";
				CODE_SIGN_STYLE = Automatic;
				CURRENT_PROJECT_VERSION = 1;
				DEVELOPMENT_TEAM = 8V89LMP652;
				GENERATE_INFOPLIST_FILE = YES;
				IPHONEOS_DEPLOYMENT_TARGET = 18.5;
				MARKETING_VERSION = 1.0;
				PRODUCT_BUNDLE_IDENTIFIER = com.gasserissa.GymTapTests;
				PRODUCT_NAME = "$(TARGET_NAME)";
				SWIFT_EMIT_LOC_STRINGS = NO;
				SWIFT_VERSION = 5.0;
				TARGETED_DEVICE_FAMILY = "1,2";
				TEST_HOST = "$(BUILT_PRODUCTS_DIR)/GymTrac.app/$(BUNDLE_EXECUTABLE_FOLDER_PATH)/GymTrac";
			};
			name = Release;
		};
		A5DA52F72E493A6600393A66 /* Debug */ = {
			isa = XCBuildConfiguration;
			buildSettings = {
				CODE_SIGN_STYLE = Automatic;
				CURRENT_PROJECT_VERSION = 1;
				DEVELOPMENT_TEAM = 8V89LMP652;
				GENERATE_INFOPLIST_FILE = YES;
				MARKETING_VERSION = 1.0;
				PRODUCT_BUNDLE_IDENTIFIER = com.gasserissa.GymTapUITests;
				PRODUCT_NAME = "$(TARGET_NAME)";
				SWIFT_EMIT_LOC_STRINGS = NO;
				SWIFT_VERSION = 5.0;
				TARGETED_DEVICE_FAMILY = "1,2";
				TEST_TARGET_NAME = GymTap;
			};
			name = Debug;
		};
		A5DA52F82E493A6600393A66 /* Release */ = {
			isa = XCBuildConfiguration;
			buildSettings = {
				CODE_SIGN_STYLE = Automatic;
				CURRENT_PROJECT_VERSION = 1;
				DEVELOPMENT_TEAM = 8V89LMP652;
				GENERATE_INFOPLIST_FILE = YES;
				MARKETING_VERSION = 1.0;
				PRODUCT_BUNDLE_IDENTIFIER = com.gasserissa.GymTapUITests;
				PRODUCT_NAME = "$(TARGET_NAME)";
				SWIFT_EMIT_LOC_STRINGS = NO;
				SWIFT_VERSION = 5.0;
				TARGETED_DEVICE_FAMILY = "1,2";
				TEST_TARGET_NAME = GymTap;
			};
			name = Release;
		};
/* End XCBuildConfiguration section */

/* Begin XCConfigurationList section */
		A5DA52CA2E493A6200393A66 /* Build configuration list for PBXProject "GymTrac" */ = {
			isa = XCConfigurationList;
			buildConfigurations = (
				A5DA52EE2E493A6600393A66 /* Debug */,
				A5DA52EF2E493A6600393A66 /* Release */,
			);
			defaultConfigurationIsVisible = 0;
			defaultConfigurationName = Release;
		};
		A5DA52F02E493A6600393A66 /* Build configuration list for PBXNativeTarget "GymTrac" */ = {
			isa = XCConfigurationList;
			buildConfigurations = (
				A5DA52F12E493A6600393A66 /* Debug */,
				A5DA52F22E493A6600393A66 /* Release */,
			);
			defaultConfigurationIsVisible = 0;
			defaultConfigurationName = Release;
		};
		A5DA52F32E493A6600393A66 /* Build configuration list for PBXNativeTarget "GymTracTests" */ = {
			isa = XCConfigurationList;
			buildConfigurations = (
				A5DA52F42E493A6600393A66 /* Debug */,
				A5DA52F52E493A6600393A66 /* Release */,
			);
			defaultConfigurationIsVisible = 0;
			defaultConfigurationName = Release;
		};
		A5DA52F62E493A6600393A66 /* Build configuration list for PBXNativeTarget "GymTracUITests" */ = {
			isa = XCConfigurationList;
			buildConfigurations = (
				A5DA52F72E493A6600393A66 /* Debug */,
				A5DA52F82E493A6600393A66 /* Release */,
			);
			defaultConfigurationIsVisible = 0;
			defaultConfigurationName = Release;
		};
/* End XCConfigurationList section */
	};
	rootObject = A5DA52C72E493A6200393A66 /* Project object */;
}
